
Microsoft Visual Studio Solution File, Format Version 12.00
# Visual Studio 14
VisualStudioVersion = 14.0.25420.1
MinimumVisualStudioVersion = 10.0.40219.1
Project("{FAE04EC0-301F-11D3-BF4B-00C04F79EFBC}") = "prog-milestone2-team09", "prog-milestone2-team09\prog-milestone2-team09.csproj", "{DF01DEC6-10F6-4E08-B2EA-5DB3EE428369}"
EndProject
Global
	GlobalSection(SolutionConfigurationPlatforms) = preSolution
		Debug|Any CPU = Debug|Any CPU
		Release|Any CPU = Release|Any CPU
	EndGlobalSection
	GlobalSection(ProjectConfigurationPlatforms) = postSolution
		{DF01DEC6-10F6-4E08-B2EA-5DB3EE428369}.Debug|Any CPU.ActiveCfg = Debug|Any CPU
		{DF01DEC6-10F6-4E08-B2EA-5DB3EE428369}.Debug|Any CPU.Build.0 = Debug|Any CPU
		{DF01DEC6-10F6-4E08-B2EA-5DB3EE428369}.Release|Any CPU.ActiveCfg = Release|Any CPU
		{DF01DEC6-10F6-4E08-B2EA-5DB3EE428369}.Release|Any CPU.Build.0 = Release|Any CPU
	EndGlobalSection
	GlobalSection(SolutionProperties) = preSolution
		HideSolutionNode = FALSE
	EndGlobalSection
EndGlobal
